{
  "name": "swearingbot",
  "lockfileVersion": 2,
  "requires": true,
  "packages": {
    "": {
      "dependencies": {
        "badwordspluss": "^0.0.1"
      }
    },
    "node_modules/badwordspluss": {
      "version": "0.0.1",
      "resolved": "https://registry.npmjs.org/badwordspluss/-/badwordspluss-0.0.1.tgz",
      "integrity": "sha512-qpNtjGms6ZR9hd296HG2KxU1yJb/KthOVWRLh+lOaOeltVkrLctmgGj503Mj++5Oh6nijm12LNIxeL5uMzJu3Q=="
    }
  },
  "dependencies": {
    "badwordspluss": {
      "version": "0.0.1",
      "resolved": "https://registry.npmjs.org/badwordspluss/-/badwordspluss-0.0.1.tgz",
      "integrity": "sha512-qpNtjGms6ZR9hd296HG2KxU1yJb/KthOVWRLh+lOaOeltVkrLctmgGj503Mj++5Oh6nijm12LNIxeL5uMzJu3Q=="
    }
  }
}
